
Microsoft Visual Studio Solution File, Format Version 12.00
# Visual Studio Version 16
VisualStudioVersion = 16.0.808.4
MinimumVisualStudioVersion = 10.0.40219.1
Project("{FAE04EC0-301F-11D3-BF4B-00C04F79EFBC}") = "contentstack.management.core", "Contentstack.Management.Core\contentstack.management.core.csproj", "{8480D607-4249-4DA5-B782-429FE1E53672}"
EndProject
Project("{FAE04EC0-301F-11D3-BF4B-00C04F79EFBC}") = "Contentstack.Management.Core.Tests", "Contentstack.Management.Core.Tests\Contentstack.Management.Core.Tests.csproj", "{FB3B9D93-5524-479A-85B5-2A7C24304D19}"
EndProject
Project("{2150E333-8FDC-42A3-9474-1A3956D46DE8}") = "Core", "Core", "{0977D0FB-EACA-4FBE-A780-2DC2B6523E53}"
EndProject
Project("{2150E333-8FDC-42A3-9474-1A3956D46DE8}") = "Test", "Test", "{AE5BBF5C-BE98-4EA0-AA55-7E2F78C39B39}"
EndProject
Project("{FAE04EC0-301F-11D3-BF4B-00C04F79EFBC}") = "Contentstack.Management.Core.Unit.Tests", "Contentstack.Management.Core.Unit.Tests\Contentstack.Management.Core.Unit.Tests.csproj", "{E0456E4C-F70F-4CDC-B0E9-76CCCF351514}"
EndProject
Project("{FAE04EC0-301F-11D3-BF4B-00C04F79EFBC}") = "contentstack.management.aspnetcore", "Contentstack.Management.ASPNETCore\contentstack.management.aspnetcore.csproj", "{C90C9782-D041-43A1-B13E-21B72B9A6BE2}"
EndProject
Global
	GlobalSection(SolutionConfigurationPlatforms) = preSolution
		Debug|Any CPU = Debug|Any CPU
		Release|Any CPU = Release|Any CPU
	EndGlobalSection
	GlobalSection(ProjectConfigurationPlatforms) = postSolution
		{8480D607-4249-4DA5-B782-429FE1E53672}.Debug|Any CPU.ActiveCfg = Debug|Any CPU
		{8480D607-4249-4DA5-B782-429FE1E53672}.Debug|Any CPU.Build.0 = Debug|Any CPU
		{8480D607-4249-4DA5-B782-429FE1E53672}.Release|Any CPU.ActiveCfg = Release|Any CPU
		{8480D607-4249-4DA5-B782-429FE1E53672}.Release|Any CPU.Build.0 = Release|Any CPU
		{FB3B9D93-5524-479A-85B5-2A7C24304D19}.Debug|Any CPU.ActiveCfg = Debug|Any CPU
		{FB3B9D93-5524-479A-85B5-2A7C24304D19}.Debug|Any CPU.Build.0 = Debug|Any CPU
		{FB3B9D93-5524-479A-85B5-2A7C24304D19}.Release|Any CPU.ActiveCfg = Release|Any CPU
		{FB3B9D93-5524-479A-85B5-2A7C24304D19}.Release|Any CPU.Build.0 = Release|Any CPU
		{E0456E4C-F70F-4CDC-B0E9-76CCCF351514}.Debug|Any CPU.ActiveCfg = Debug|Any CPU
		{E0456E4C-F70F-4CDC-B0E9-76CCCF351514}.Debug|Any CPU.Build.0 = Debug|Any CPU
		{E0456E4C-F70F-4CDC-B0E9-76CCCF351514}.Release|Any CPU.ActiveCfg = Release|Any CPU
		{E0456E4C-F70F-4CDC-B0E9-76CCCF351514}.Release|Any CPU.Build.0 = Release|Any CPU
		{C90C9782-D041-43A1-B13E-21B72B9A6BE2}.Debug|Any CPU.ActiveCfg = Debug|Any CPU
		{C90C9782-D041-43A1-B13E-21B72B9A6BE2}.Debug|Any CPU.Build.0 = Debug|Any CPU
		{C90C9782-D041-43A1-B13E-21B72B9A6BE2}.Release|Any CPU.ActiveCfg = Release|Any CPU
		{C90C9782-D041-43A1-B13E-21B72B9A6BE2}.Release|Any CPU.Build.0 = Release|Any CPU
	EndGlobalSection
	GlobalSection(SolutionProperties) = preSolution
		HideSolutionNode = FALSE
	EndGlobalSection
	GlobalSection(ExtensibilityGlobals) = postSolution
		SolutionGuid = {603568D5-03CD-419A-9884-047AC12E1156}
	EndGlobalSection
	GlobalSection(NestedProjects) = preSolution
		{8480D607-4249-4DA5-B782-429FE1E53672} = {0977D0FB-EACA-4FBE-A780-2DC2B6523E53}
		{FB3B9D93-5524-479A-85B5-2A7C24304D19} = {AE5BBF5C-BE98-4EA0-AA55-7E2F78C39B39}
		{E0456E4C-F70F-4CDC-B0E9-76CCCF351514} = {AE5BBF5C-BE98-4EA0-AA55-7E2F78C39B39}
		{C90C9782-D041-43A1-B13E-21B72B9A6BE2} = {0977D0FB-EACA-4FBE-A780-2DC2B6523E53}
	EndGlobalSection
	GlobalSection(MonoDevelopProperties) = preSolution
		version = 0.1.3
		Policies = $0
		$0.DotNetNamingPolicy = $1
		$1.DirectoryNamespaceAssociation = PrefixedHierarchical
		$0.TextStylePolicy = $2
		$2.inheritsSet = null
		$2.scope = text/x-csharp
		$0.CSharpFormattingPolicy = $3
		$3.scope = text/x-csharp
		$0.TextStylePolicy = $4
		$4.FileWidth = 80
		$4.TabsToSpaces = True
		$4.scope = text/plain
		$0.TextStylePolicy = $5
		$5.inheritsSet = null
		$5.scope = text/x-json
		$0.TextStylePolicy = $6
		$6.inheritsSet = null
		$6.scope = text/x-web
		$0.TextStylePolicy = $7
		$7.inheritsSet = null
		$7.scope = text/x-vs
		$0.TextStylePolicy = $8
		$8.inheritsSet = null
		$8.scope = application/xml
		$0.XmlFormattingPolicy = $9
		$9.scope = application/xml
		$0.TextStylePolicy = $10
		$10.inheritsSet = null
		$10.scope = text/x-html
		$0.TextStylePolicy = $11
		$11.inheritsSet = null
		$11.scope = text/x-javascript
		$0.TextStylePolicy = $12
		$12.inheritsSet = null
		$12.scope = text/x-jsts
		$0.TextStylePolicy = $13
		$13.inheritsSet = null
		$13.scope = text/x-css
		$0.StandardHeader = $14
		$0.VersionControlPolicy = $15
	EndGlobalSection
EndGlobal
